// !$*UTF8*$!
{
	archiveVersion = 1;
	classes = {
	};
	objectVersion = 46;
	objects = {

/* Begin PBXBuildFile section */
		99357D811E568C8500BCE1EE /* main.m in Sources */ = {isa = PBXBuildFile; fileRef = 99357D801E568C8500BCE1EE /* main.m */; };
		99357D841E568C8500BCE1EE /* AppDelegate.m in Sources */ = {isa = PBXBuildFile; fileRef = 99357D831E568C8500BCE1EE /* AppDelegate.m */; };
		99357D871E568C8500BCE1EE /* ViewController.m in Sources */ = {isa = PBXBuildFile; fileRef = 99357D861E568C8500BCE1EE /* ViewController.m */; };
		99357D8A1E568C8500BCE1EE /* Main.storyboard in Resources */ = {isa = PBXBuildFile; fileRef = 99357D881E568C8500BCE1EE /* Main.storyboard */; };
		99357D8C1E568C8500BCE1EE /* Assets.xcassets in Resources */ = {isa = PBXBuildFile; fileRef = 99357D8B1E568C8500BCE1EE /* Assets.xcassets */; };
		99357D8F1E568C8500BCE1EE /* LaunchScreen.storyboard in Resources */ = {isa = PBXBuildFile; fileRef = 99357D8D1E568C8500BCE1EE /* LaunchScreen.storyboard */; };
/* End PBXBuildFile section */

/* Begin PBXFileReference section */
		99357D7C1E568C8500BCE1EE /* mvvm+rac.app */ = {isa = PBXFileReference; explicitFileType = wrapper.application; includeInIndex = 0; path = "mvvm+rac.app"; sourceTree = BUILT_PRODUCTS_DIR; };
		99357D801E568C8500BCE1EE /* main.m */ = {isa = PBXFileReference; lastKnownFileType = sourcecode.c.objc; path = main.m; sourceTree = "<group>"; };
		99357D821E568C8500BCE1EE /* AppDelegate.h */ = {isa = PBXFileReference; lastKnownFileType = sourcecode.c.h; path = AppDelegate.h; sourceTree = "<group>"; };
		99357D831E568C8500BCE1EE /* AppDelegate.m */ = {isa = PBXFileReference; lastKnownFileType = sourcecode.c.objc; path = AppDelegate.m; sourceTree = "<group>"; };
		99357D851E568C8500BCE1EE /* ViewController.h */ = {isa = PBXFileReference; lastKnownFileType = sourcecode.c.h; path = ViewController.h; sourceTree = "<group>"; };
		99357D861E568C8500BCE1EE /* ViewController.m */ = {isa = PBXFileReference; lastKnownFileType = sourcecode.c.objc; path = ViewController.m; sourceTree = "<group>"; };
		99357D891E568C8500BCE1EE /* Base */ = {isa = PBXFileReference; lastKnownFileType = file.storyboard; name = Base; path = Base.lproj/Main.storyboard; sourceTree = "<group>"; };
		99357D8B1E568C8500BCE1EE /* Assets.xcassets */ = {isa = PBXFileReference; lastKnownFileType = folder.assetcatalog; path = Assets.xcassets; sourceTree = "<group>"; };
		99357D8E1E568C8500BCE1EE /* Base */ = {isa = PBXFileReference; lastKnownFileType = file.storyboard; name = Base; path = Base.lproj/LaunchScreen.storyboard; sourceTree = "<group>"; };
		99357D901E568C8500BCE1EE /* Info.plist */ = {isa = PBXFileReference; lastKnownFileType = text.plist.xml; path = Info.plist; sourceTree = "<group>"; };
/* End PBXFileReference section */

/* Begin PBXFrameworksBuildPhase section */
		99357D791E568C8500BCE1EE /* Frameworks */ = {
			isa = PBXFrameworksBuildPhase;
			buildActionMask = 2147483647;
			files = (
			);
			runOnlyForDeploymentPostprocessing = 0;
		};
/* End PBXFrameworksBuildPhase section */

/* Begin PBXGroup section */
		99357D731E568C8500BCE1EE = {
			isa = PBXGroup;
			children = (
				99357D7E1E568C8500BCE1EE /* mvvm+rac */,
				99357D7D1E568C8500BCE1EE /* Products */,
			);
			sourceTree = "<group>";
		};
		99357D7D1E568C8500BCE1EE /* Products */ = {
			isa = PBXGroup;
			children = (
				99357D7C1E568C8500BCE1EE /* mvvm+rac.app */,
			);
			name = Products;
			sourceTree = "<group>";
		};
		99357D7E1E568C8500BCE1EE /* mvvm+rac */ = {
			isa = PBXGroup;
			children = (
				99357D821E568C8500BCE1EE /* AppDelegate.h */,
				99357D831E568C8500BCE1EE /* AppDelegate.m */,
				99357D851E568C8500BCE1EE /* ViewController.h */,
				99357D861E568C8500BCE1EE /* ViewController.m */,
				99357D881E568C8500BCE1EE /* Main.storyboard */,
				99357D8B1E568C8500BCE1EE /* Assets.xcassets */,
				99357D8D1E568C8500BCE1EE /* LaunchScreen.storyboard */,
				99357D901E568C8500BCE1EE /* Info.plist */,
				99357D7F1E568C8500BCE1EE /* Supporting Files */,
			);
			path = "mvvm+rac";
			sourceTree = "<group>";
		};
		99357D7F1E568C8500BCE1EE /* Supporting Files */ = {
			isa = PBXGroup;
			children = (
				99357D801E568C8500BCE1EE /* main.m */,
			);
			name = "Supporting Files";
			sourceTree = "<group>";
		};
/* End PBXGroup section */

/* Begin PBXNativeTarget section */
		99357D7B1E568C8500BCE1EE /* mvvm+rac */ = {
			isa = PBXNativeTarget;
			buildConfigurationList = 99357D931E568C8500BCE1EE /* Build configuration list for PBXNativeTarget "mvvm+rac" */;
			buildPhases = (
				99357D781E568C8500BCE1EE /* Sources */,
				99357D791E568C8500BCE1EE /* Frameworks */,
				99357D7A1E568C8500BCE1EE /* Resources */,
			);
			buildRules = (
			);
			dependencies = (
			);
			name = "mvvm+rac";
			productName = "mvvm+rac";
			productReference = 99357D7C1E568C8500BCE1EE /* mvvm+rac.app */;
			productType = "com.apple.product-type.application";
		};
/* End PBXNativeTarget section */

/* Begin PBXProject section */
		99357D741E568C8500BCE1EE /* Project object */ = {
			isa = PBXProject;
			attributes = {
				LastUpgradeCheck = 0820;
				ORGANIZATIONNAME = "秦兴华";
				TargetAttributes = {
					99357D7B1E568C8500BCE1EE = {
						CreatedOnToolsVersion = 8.2.1;
						ProvisioningStyle = Automatic;
					};
				};
			};
			buildConfigurationList = 99357D771E568C8500BCE1EE /* Build configuration list for PBXProject "mvvm+rac" */;
			compatibilityVersion = "Xcode 3.2";
			developmentRegion = English;
			hasScannedForEncodings = 0;
			knownRegions = (
				en,
				Base,
			);
			mainGroup = 99357D731E568C8500BCE1EE;
			productRefGroup = 99357D7D1E568C8500BCE1EE /* Products */;
			projectDirPath = "";
			projectRoot = "";
			targets = (
				99357D7B1E568C8500BCE1EE /* mvvm+rac */,
			);
		};
/* End PBXProject section */

/* Begin PBXResourcesBuildPhase section */
		99357D7A1E568C8500BCE1EE /* Resources */ = {
			isa = PBXResourcesBuildPhase;
			buildActionMask = 2147483647;
			files = (
				99357D8F1E568C8500BCE1EE /* LaunchScreen.storyboard in Resources */,
				99357D8C1E568C8500BCE1EE /* Assets.xcassets in Resources */,
				99357D8A1E568C8500BCE1EE /* Main.storyboard in Resources */,
			);
			runOnlyForDeploymentPostprocessing = 0;
		};
/* End PBXResourcesBuildPhase section */

/* Begin PBXSourcesBuildPhase section */
		99357D781E568C8500BCE1EE /* Sources */ = {
			isa = PBXSourcesBuildPhase;
			buildActionMask = 2147483647;
			files = (
				99357D871E568C8500BCE1EE /* ViewController.m in Sources */,
				99357D841E568C8500BCE1EE /* AppDelegate.m in Sources */,
				99357D811E568C8500BCE1EE /* main.m in Sources */,
			);
			runOnlyForDeploymentPostprocessing = 0;
		};
/* End PBXSourcesBuildPhase section */

/* Begin PBXVariantGroup section */
		99357D881E568C8500BCE1EE /* Main.storyboard */ = {
			isa = PBXVariantGroup;
			children = (
				99357D891E568C8500BCE1EE /* Base */,
			);
			name = Main.storyboard;
			sourceTree = "<group>";
		};
		99357D8D1E568C8500BCE1EE /* LaunchScreen.storyboard */ = {
			isa = PBXVariantGroup;
			children = (
				99357D8E1E568C8500BCE1EE /* Base */,
			);
			name = LaunchScreen.storyboard;
			sourceTree = "<group>";
		};
/* End PBXVariantGroup section */

/* Begin XCBuildConfiguration section */
		99357D911E568C8500BCE1EE /* Debug */ = {
			isa = XCBuildConfiguration;
			buildSettings = {
				ALWAYS_SEARCH_USER_PATHS = NO;
				CLANG_ANALYZER_NONNULL = YES;
				CLANG_CXX_LANGUAGE_STANDARD = "gnu++0x";
				CLANG_CXX_LIBRARY = "libc++";
				CLANG_ENABLE_MODULES = YES;
				CLANG_ENABLE_OBJC_ARC = YES;
				CLANG_WARN_BOOL_CONVERSION = YES;
				CLANG_WARN_CONSTANT_CONVERSION = YES;
				CLANG_WARN_DIRECT_OBJC_ISA_USAGE = YES_ERROR;
				CLANG_WARN_DOCUMENTATION_COMMENTS = YES;
				CLANG_WARN_EMPTY_BODY = YES;
				CLANG_WARN_ENUM_CONVERSION = YES;
				CLANG_WARN_INFINITE_RECURSION = YES;
				CLANG_WARN_INT_CONVERSION = YES;
				CLANG_WARN_OBJC_ROOT_CLASS = YES_ERROR;
				CLANG_WARN_SUSPICIOUS_MOVE = YES;
				CLANG_WARN_UNREACHABLE_CODE = YES;
				CLANG_WARN__DUPLICATE_METHOD_MATCH = YES;
				"CODE_SIGN_IDENTITY[sdk=iphoneos*]" = "iPhone Developer";
				COPY_PHASE_STRIP = NO;
				DEBUG_INFORMATION_FORMAT = dwarf;
				ENABLE_STRICT_OBJC_MSGSEND = YES;
				ENABLE_TESTABILITY = YES;
				GCC_C_LANGUAGE_STANDARD = gnu99;
				GCC_DYNAMIC_NO_PIC = NO;
				GCC_NO_COMMON_BLOCKS = YES;
				GCC_OPTIMIZATION_LEVEL = 0;
				GCC_PREPROCESSOR_DEFINITIONS = (
					"DEBUG=1",
					"$(inherited)",
				);
				GCC_WARN_64_TO_32_BIT_CONVERSION = YES;
				GCC_WARN_ABOUT_RETURN_TYPE = YES_ERROR;
				GCC_WARN_UNDECLARED_SELECTOR = YES;
				GCC_WARN_UNINITIALIZED_AUTOS = YES_AGGRESSIVE;
				GCC_WARN_UNUSED_FUNCTION = YES;
				GCC_WARN_UNUSED_VARIABLE = YES;
				IPHONEOS_DEPLOYMENT_TARGET = 10.2;
				MTL_ENABLE_DEBUG_INFO = YES;
				ONLY_ACTIVE_ARCH = YES;
				SDKROOT = iphoneos;
				TARGETED_DEVICE_FAMILY = "1,2";
			};
			name = Debug;
		};
		99357D921E568C8500BCE1EE /* Release */ = {
			isa = XCBuildConfiguration;
			buildSettings = {
				ALWAYS_SEARCH_USER_PATHS = NO;
				CLANG_ANALYZER_NONNULL = YES;
				CLANG_CXX_LANGUAGE_STANDARD = "gnu++0x";
				CLANG_CXX_LIBRARY = "libc++";
				CLANG_ENABLE_MODULES = YES;
				CLANG_ENABLE_OBJC_ARC = YES;
				CLANG_WARN_BOOL_CONVERSION = YES;
				CLANG_WARN_CONSTANT_CONVERSION = YES;
				CLANG_WARN_DIRECT_OBJC_ISA_USAGE = YES_ERROR;
				CLANG_WARN_DOCUMENTATION_COMMENTS = YES;
				CLANG_WARN_EMPTY_BODY = YES;
				CLANG_WARN_ENUM_CONVERSION = YES;
				CLANG_WARN_INFINITE_RECURSION = YES;
				CLANG_WARN_INT_CONVERSION = YES;
				CLANG_WARN_OBJC_ROOT_CLASS = YES_ERROR;
				CLANG_WARN_SUSPICIOUS_MOVE = YES;
				CLANG_WARN_UNREACHABLE_CODE = YES;
				CLANG_WARN__DUPLICATE_METHOD_MATCH = YES;
				"CODE_SIGN_IDENTITY[sdk=iphoneos*]" = "iPhone Developer";
				COPY_PHASE_STRIP = NO;
				DEBUG_INFORMATION_FORMAT = "dwarf-with-dsym";
				ENABLE_NS_ASSERTIONS = NO;
				ENABLE_STRICT_OBJC_MSGSEND = YES;
				GCC_C_LANGUAGE_STANDARD = gnu99;
				GCC_NO_COMMON_BLOCKS = YES;
				GCC_WARN_64_TO_32_BIT_CONVERSION = YES;
				GCC_WARN_ABOUT_RETURN_TYPE = YES_ERROR;
				GCC_WARN_UNDECLARED_SELECTOR = YES;
				GCC_WARN_UNINITIALIZED_AUTOS = YES_AGGRESSIVE;
				GCC_WARN_UNUSED_FUNCTION = YES;
				GCC_WARN_UNUSED_VARIABLE = YES;
				IPHONEOS_DEPLOYMENT_TARGET = 10.2;
				MTL_ENABLE_DEBUG_INFO = NO;
				SDKROOT = iphoneos;
				TARGETED_DEVICE_FAMILY = "1,2";
				VALIDATE_PRODUCT = YES;
			};
			name = Release;
		};
		99357D941E568C8500BCE1EE /* Debug */ = {
			isa = XCBuildConfiguration;
			buildSettings = {
				ASSETCATALOG_COMPILER_APPICON_NAME = AppIcon;
				INFOPLIST_FILE = "mvvm+rac/Info.plist";
				LD_RUNPATH_SEARCH_PATHS = "$(inherited) @executable_path/Frameworks";
				PRODUCT_BUNDLE_IDENTIFIER = "QXH.mvvm-rac";
				PRODUCT_NAME = "$(TARGET_NAME)";
			};
			name = Debug;
		};
		99357D951E568C8500BCE1EE /* Release */ = {
			isa = XCBuildConfiguration;
			buildSettings = {
				ASSETCATALOG_COMPILER_APPICON_NAME = AppIcon;
				INFOPLIST_FILE = "mvvm+rac/Info.plist";
				LD_RUNPATH_SEARCH_PATHS = "$(inherited) @executable_path/Frameworks";
				PRODUCT_BUNDLE_IDENTIFIER = "QXH.mvvm-rac";
				PRODUCT_NAME = "$(TARGET_NAME)";
			};
			name = Release;
		};
/* End XCBuildConfiguration section */

/* Begin XCConfigurationList section */
		99357D771E568C8500BCE1EE /* Build configuration list for PBXProject "mvvm+rac" */ = {
			isa = XCConfigurationList;
			buildConfigurations = (
				99357D911E568C8500BCE1EE /* Debug */,
				99357D921E568C8500BCE1EE /* Release */,
			);
			defaultConfigurationIsVisible = 0;
			defaultConfigurationName = Release;
		};
		99357D931E568C8500BCE1EE /* Build configuration list for PBXNativeTarget "mvvm+rac" */ = {
			isa = XCConfigurationList;
			buildConfigurations = (
				99357D941E568C8500BCE1EE /* Debug */,
				99357D951E568C8500BCE1EE /* Release */,
			);
			defaultConfigurationIsVisible = 0;
		};
/* End XCConfigurationList section */
	};
	rootObject = 99357D741E568C8500BCE1EE /* Project object */;
}
